
Microsoft Visual Studio Solution File, Format Version 12.00
# Visual Studio 15
VisualStudioVersion = 15.0.28307.1022
MinimumVisualStudioVersion = 10.0.40219.1
Project("{FAE04EC0-301F-11D3-BF4B-00C04F79EFBC}") = "TiendaRopa.Consola", "TiendaRopa.Consola\TiendaRopa.Consola.csproj", "{646CC429-0A3E-4863-9EE0-BE15AC70116F}"
EndProject
Project("{FAE04EC0-301F-11D3-BF4B-00C04F79EFBC}") = "TiendaRopa.Libreria", "TiendaRopa.Libreria\TiendaRopa.Libreria.csproj", "{303A7000-8AD1-4B0D-B1E9-2EB9C7B17F08}"
EndProject
Global
	GlobalSection(SolutionConfigurationPlatforms) = preSolution
		Debug|Any CPU = Debug|Any CPU
		Release|Any CPU = Release|Any CPU
	EndGlobalSection
	GlobalSection(ProjectConfigurationPlatforms) = postSolution
		{646CC429-0A3E-4863-9EE0-BE15AC70116F}.Debug|Any CPU.ActiveCfg = Debug|Any CPU
		{646CC429-0A3E-4863-9EE0-BE15AC70116F}.Debug|Any CPU.Build.0 = Debug|Any CPU
		{646CC429-0A3E-4863-9EE0-BE15AC70116F}.Release|Any CPU.ActiveCfg = Release|Any CPU
		{646CC429-0A3E-4863-9EE0-BE15AC70116F}.Release|Any CPU.Build.0 = Release|Any CPU
		{303A7000-8AD1-4B0D-B1E9-2EB9C7B17F08}.Debug|Any CPU.ActiveCfg = Debug|Any CPU
		{303A7000-8AD1-4B0D-B1E9-2EB9C7B17F08}.Debug|Any CPU.Build.0 = Debug|Any CPU
		{303A7000-8AD1-4B0D-B1E9-2EB9C7B17F08}.Release|Any CPU.ActiveCfg = Release|Any CPU
		{303A7000-8AD1-4B0D-B1E9-2EB9C7B17F08}.Release|Any CPU.Build.0 = Release|Any CPU
	EndGlobalSection
	GlobalSection(SolutionProperties) = preSolution
		HideSolutionNode = FALSE
	EndGlobalSection
	GlobalSection(ExtensibilityGlobals) = postSolution
		SolutionGuid = {46007295-F193-41D6-996D-E91992D47B8D}
	EndGlobalSection
EndGlobal
